{
  "name": "rocketchat-katex",
  "version": "1.0.0",
  "lockfileVersion": 1,
  "requires": true,
  "dependencies": {
    "katex": {
      "version": "0.7.1",
      "resolved": "https://registry.npmjs.org/katex/-/katex-0.7.1.tgz",
      "integrity": "sha1-BrtSmO+tBeHnIoA1uo4VkfMGG48=",
      "requires": {
        "match-at": "0.1.1"
      },
      "dependencies": {
        "match-at": {
          "version": "0.1.1",
          "resolved": "https://registry.npmjs.org/match-at/-/match-at-0.1.1.tgz",
          "integrity": "sha512-h4Yd392z9mST+dzc+yjuybOGFNOZjmXIPKWjxBd1Bb23r4SmDOsk2NYCU2BMUBGbSpZqwVsZYNq26QS3xfaT3Q=="
        }
      }
    }
  }
}
