{
	"name": "rocket.chat",
	"version": "5.4.0-develop",
	"lockfileVersion": 1,
	"requires": true,
	"dependencies": {
		"@rocket.chat/apps-engine": {
			"version": "1.35.0",
			"resolved": "https://registry.npmjs.org/@rocket.chat/apps-engine/-/apps-engine-1.35.0.tgz",
			"integrity": "sha512-gOk7XJ1pVPLh05FDaGaQInKBUOPtwHDtxPLTjVaxEQX5RgBGzmMjz5fNHVWu5ywDWqYCSIxWDtQQFH412ryjlg==",
			"requires": {
				"adm-zip": "^0.5.9",
				"cryptiles": "^4.1.3",
				"lodash.clonedeep": "^4.5.0",
				"semver": "^5.7.1",
				"stack-trace": "0.0.10",
				"uuid": "^3.4.0",
				"vm2": "^3.9.11"
			}
		},
		"@types/chai": {
			"version": "4.3.3",
			"resolved": "https://registry.npmjs.org/@types/chai/-/chai-4.3.3.tgz",
			"integrity": "sha512-hC7OMnszpxhZPduX+m+nrx+uFoLkWOMiR4oa/AZF3MuSETYTZmFfJAHqZEM8MVlvfG7BEUcgvtwoCTxBp6hm3g==",
			"dev": true
		},
		"acorn": {
			"version": "8.8.1",
			"resolved": "https://registry.npmjs.org/acorn/-/acorn-8.8.1.tgz",
			"integrity": "sha512-7zFpHzhnqYKrkYdUjF1HI1bzd0VygEGX8lFk4k5zVMqHEoES+P+7TKI+EvLO9WVMJ8eekdO0aDEK044xTXwPPA=="
		},
		"acorn-walk": {
			"version": "8.2.0",
			"resolved": "https://registry.npmjs.org/acorn-walk/-/acorn-walk-8.2.0.tgz",
			"integrity": "sha512-k+iyHEuPgSw6SbuDpGQM+06HQUa04DZ3o+F6CSzXMvvI5KMvnaEqXe+YVe555R9nn6GPt404fos4wcgpw12SDA=="
		},
		"adm-zip": {
			"version": "0.5.9",
			"resolved": "https://registry.npmjs.org/adm-zip/-/adm-zip-0.5.9.tgz",
			"integrity": "sha512-s+3fXLkeeLjZ2kLjCBwQufpI5fuN+kIGBxu6530nVQZGVol0d7Y/M88/xw9HGGUcJjKf8LutN3VPRUBq6N7Ajg=="
		},
		"boom": {
			"version": "7.3.0",
			"resolved": "https://registry.npmjs.org/boom/-/boom-7.3.0.tgz",
			"integrity": "sha512-Swpoyi2t5+GhOEGw8rEsKvTxFLIDiiKoUc2gsoV6Lyr43LHBIzch3k2MvYUs8RTROrIkVJ3Al0TkaOGjnb+B6A==",
			"requires": {
				"hoek": "6.x.x"
			}
		},
		"cryptiles": {
			"version": "4.1.3",
			"resolved": "https://registry.npmjs.org/cryptiles/-/cryptiles-4.1.3.tgz",
			"integrity": "sha512-gT9nyTMSUC1JnziQpPbxKGBbUg8VL7Zn2NB4E1cJYvuXdElHrwxrV9bmltZGDzet45zSDGyYceueke1TjynGzw==",
			"requires": {
				"boom": "7.x.x"
			}
		},
		"hoek": {
			"version": "6.1.3",
			"resolved": "https://registry.npmjs.org/hoek/-/hoek-6.1.3.tgz",
			"integrity": "sha512-YXXAAhmF9zpQbC7LEcREFtXfGq5K1fmd+4PHkBq8NUqmzW3G+Dq10bI/i0KucLRwss3YYFQ0fSfoxBZYiGUqtQ=="
		},
		"lodash.clonedeep": {
			"version": "4.5.0",
			"resolved": "https://registry.npmjs.org/lodash.clonedeep/-/lodash.clonedeep-4.5.0.tgz",
			"integrity": "sha512-H5ZhCF25riFd9uB5UCkVKo61m3S/xZk1x4wA6yp/L3RFP6Z/eHH1ymQcGLo7J3GMPfm0V/7m1tryHuGVxpqEBQ=="
		},
		"semver": {
			"version": "5.7.1",
			"resolved": "https://registry.npmjs.org/semver/-/semver-5.7.1.tgz",
			"integrity": "sha512-sauaDf/PZdVgrLTNYHRtpXa1iRiKcaebiKQ1BJdpQlWH2lCvexQdX55snPFyK7QzpudqbCI0qXFfOasHdyNDGQ=="
		},
		"stack-trace": {
			"version": "0.0.10",
			"resolved": "https://registry.npmjs.org/stack-trace/-/stack-trace-0.0.10.tgz",
			"integrity": "sha512-KGzahc7puUKkzyMt+IqAep+TVNbKP+k2Lmwhub39m1AsTSkaDutx56aDCo+HLDzf/D26BIHTJWNiTG1KAJiQCg=="
		},
		"uuid": {
			"version": "3.4.0",
			"resolved": "https://registry.npmjs.org/uuid/-/uuid-3.4.0.tgz",
			"integrity": "sha512-HjSDRw6gZE5JMggctHBcjVak08+KEVhSIiDzFnT9S9aegmp85S/bReBVTb4QTFaRNptJ9kuYaNhnbNEOkbKb/A=="
		},
		"vm2": {
			"version": "3.9.11",
			"resolved": "https://registry.npmjs.org/vm2/-/vm2-3.9.11.tgz",
			"integrity": "sha512-PFG8iJRSjvvBdisowQ7iVF580DXb1uCIiGaXgm7tynMR1uTBlv7UJlB1zdv5KJ+Tmq1f0Upnj3fayoEOPpCBKg==",
			"requires": {
				"acorn": "^8.7.0",
				"acorn-walk": "^8.2.0"
			}
		}
	}
}
