{
	"name": "rocket.chat",
	"version": "4.7.0-develop",
	"lockfileVersion": 1,
	"requires": true,
	"dependencies": {
		"husky": {
			"version": "7.0.4",
			"resolved": "https://registry.npmjs.org/husky/-/husky-7.0.4.tgz",
			"integrity": "sha512-vbaCKN2QLtP/vD4yvs6iz6hBEo6wkSzs8HpRah1Z6aGmF2KW5PdYuAd7uX5a+OyBZHBhd+TFLqgjUgytQr4RvQ==",
			"dev": true
		},
		"turbo": {
			"version": "1.2.1",
			"resolved": "https://registry.npmjs.org/turbo/-/turbo-1.2.1.tgz",
			"integrity": "sha512-k9j1xMGqNoSkeaCkbPOlGJFxsgYKG9TMg82o6LuiUerJtJ5sCwDwBD7QVy/RkngMGOAKeMLhx+OuzLFwa5nHgQ==",
			"dev": true,
			"requires": {
				"turbo-darwin-64": "1.2.1",
				"turbo-darwin-arm64": "1.2.1",
				"turbo-freebsd-64": "1.2.1",
				"turbo-freebsd-arm64": "1.2.1",
				"turbo-linux-32": "1.2.1",
				"turbo-linux-64": "1.2.1",
				"turbo-linux-arm": "1.2.1",
				"turbo-linux-arm64": "1.2.1",
				"turbo-linux-mips64le": "1.2.1",
				"turbo-linux-ppc64le": "1.2.1",
				"turbo-windows-32": "1.2.1",
				"turbo-windows-64": "1.2.1"
			}
		},
		"turbo-darwin-64": {
			"version": "1.2.1",
			"resolved": "https://registry.npmjs.org/turbo-darwin-64/-/turbo-darwin-64-1.2.1.tgz",
			"integrity": "sha512-NZgrrFF4xJ73CRbIqQXwAfKF5AFEOeM79palpPjJJUXWX8o3KxW/VcrheAryh+aAaEBitaDy8stKgViI/6l1SQ==",
			"dev": true,
			"optional": true
		},
		"turbo-darwin-arm64": {
			"version": "1.2.1",
			"resolved": "https://registry.npmjs.org/turbo-darwin-arm64/-/turbo-darwin-arm64-1.2.1.tgz",
			"integrity": "sha512-NzWeE+rZJLEkbMpRpnHNn7R/qqamCRRUUxPWD2z4uuZFXkpMzUVX/PCqy05wPT2IVbcJQn20rojEMwr+oJRxHg==",
			"dev": true,
			"optional": true
		},
		"turbo-freebsd-64": {
			"version": "1.2.1",
			"resolved": "https://registry.npmjs.org/turbo-freebsd-64/-/turbo-freebsd-64-1.2.1.tgz",
			"integrity": "sha512-Y/V8swwuiesAWYU9pu7yPhTQhHnrZEFQq/oCDNQVkUK7SEHAu+UmMaDzSBwk+sg6JWVTkpcXX1yMUFDpfF43cg==",
			"dev": true,
			"optional": true
		},
		"turbo-freebsd-arm64": {
			"version": "1.2.1",
			"resolved": "https://registry.npmjs.org/turbo-freebsd-arm64/-/turbo-freebsd-arm64-1.2.1.tgz",
			"integrity": "sha512-ielxsQ0nM6/XCzopNk55rNryFCr3tHowhukteTmfOpgWsT2bDyP/PZUyMTIEtLoaoy2pDr4R+9Wf+db9xDtWQw==",
			"dev": true,
			"optional": true
		},
		"turbo-linux-32": {
			"version": "1.2.1",
			"resolved": "https://registry.npmjs.org/turbo-linux-32/-/turbo-linux-32-1.2.1.tgz",
			"integrity": "sha512-xQunD8jrkhzPq4miY8p65elUJIqRpyCrJSWukX73m3SpibQPVSQ8BNELEQzeJBjPTcEI2dFSsoAI7Z1NHDX/Pw==",
			"dev": true,
			"optional": true
		},
		"turbo-linux-64": {
			"version": "1.2.1",
			"resolved": "https://registry.npmjs.org/turbo-linux-64/-/turbo-linux-64-1.2.1.tgz",
			"integrity": "sha512-vae1Y7VxumzityRH4ddaj0VEjIg3qbq6tV3TylOaacXvwIijrCVquG5otx9KXEajqzcwuu9+yp5348fUGA/Vxg==",
			"dev": true,
			"optional": true
		},
		"turbo-linux-arm": {
			"version": "1.2.1",
			"resolved": "https://registry.npmjs.org/turbo-linux-arm/-/turbo-linux-arm-1.2.1.tgz",
			"integrity": "sha512-8eKOw1OvD4e+vg9jg02gI9Y+rrJQfwMLaiUkIZTqvWjs7PytfmhtneaA08QkfMY/rksD5uPSx9sPE9MPYJtfxw==",
			"dev": true,
			"optional": true
		},
		"turbo-linux-arm64": {
			"version": "1.2.1",
			"resolved": "https://registry.npmjs.org/turbo-linux-arm64/-/turbo-linux-arm64-1.2.1.tgz",
			"integrity": "sha512-cNRboXg4kbuoj7J4q3yje+COravXlga7FFZsM0onZNhSai0dYTGXayxOOCVKdN/IfxSG37A0jL0fk7vDyerRZg==",
			"dev": true,
			"optional": true
		},
		"turbo-linux-mips64le": {
			"version": "1.2.1",
			"resolved": "https://registry.npmjs.org/turbo-linux-mips64le/-/turbo-linux-mips64le-1.2.1.tgz",
			"integrity": "sha512-q4gXn09AriapgANzFgIdUzqB45CB6VqqvEAf8uZ4y8I91dEP562op4pp/D59bFAx7GgCZdFfvEc0KCE/5I+0UA==",
			"dev": true,
			"optional": true
		},
		"turbo-linux-ppc64le": {
			"version": "1.2.1",
			"resolved": "https://registry.npmjs.org/turbo-linux-ppc64le/-/turbo-linux-ppc64le-1.2.1.tgz",
			"integrity": "sha512-xWaPfFNU/x2SqDkeQTwh7qJt0Ev/YUiKxcCTZDQbUykjVTC/6beD+DvqcFqsispYqZyRY5U/71EhlZLnHcIbFw==",
			"dev": true,
			"optional": true
		},
		"turbo-windows-32": {
			"version": "1.2.1",
			"resolved": "https://registry.npmjs.org/turbo-windows-32/-/turbo-windows-32-1.2.1.tgz",
			"integrity": "sha512-BHu0qRKVHztgvzNc3Nq1B8/psYaldY3y0aYVRb1Kb+RNrmhyeYVfC5+4L4ez0AxuLlb2bc0BOrvPjiEkgv/uLA==",
			"dev": true,
			"optional": true
		},
		"turbo-windows-64": {
			"version": "1.2.1",
			"resolved": "https://registry.npmjs.org/turbo-windows-64/-/turbo-windows-64-1.2.1.tgz",
			"integrity": "sha512-/l5j4pdKek1Q1qSj5xidVCDsU26hTo23oMmck/XEcbTOcnde9D+Y7pf5+RsmhtWEhP/yLGv3zUTYyRMf1Ahumw==",
			"dev": true,
			"optional": true
		}
	}
}
