{
	"name": "rocket.chat",
	"version": "6.1.0-develop",
	"lockfileVersion": 1,
	"requires": true,
	"dependencies": {
		"@types/chart.js": {
			"version": "2.9.37",
			"dev": true,
			"requires": {
				"moment": "^2.10.2"
			}
		},
		"@types/js-yaml": {
			"version": "4.0.5",
			"dev": true
		},
		"husky": {
			"version": "7.0.4",
			"dev": true
		},
		"moment": {
			"version": "2.29.4",
			"resolved": "https://registry.npmjs.org/moment/-/moment-2.29.4.tgz",
			"integrity": "sha512-5LC9SOxjSc2HF6vO2CyuTDNivEdoz2IvyJJGj6X8DJ0eFyfszE0QiEd+iXmBvUP3WHxSjFH/vIsA0EN00cgr8w==",
			"dev": true
		},
		"textarea-caret": {
			"version": "3.1.0",
			"resolved": "https://registry.npmjs.org/textarea-caret/-/textarea-caret-3.1.0.tgz",
			"integrity": "sha512-cXAvzO9pP5CGa6NKx0WYHl+8CHKZs8byMkt3PCJBCmq2a34YA9pO1NrQET5pzeqnBjBdToF5No4rrmkDUgQC2Q=="
		},
		"turbo": {
			"version": "1.2.16",
			"dev": true,
			"requires": {
				"turbo-darwin-64": "1.2.16",
				"turbo-darwin-arm64": "1.2.16",
				"turbo-freebsd-64": "1.2.16",
				"turbo-freebsd-arm64": "1.2.16",
				"turbo-linux-32": "1.2.16",
				"turbo-linux-64": "1.2.16",
				"turbo-linux-arm": "1.2.16",
				"turbo-linux-arm64": "1.2.16",
				"turbo-linux-mips64le": "1.2.16",
				"turbo-linux-ppc64le": "1.2.16",
				"turbo-windows-32": "1.2.16",
				"turbo-windows-64": "1.2.16",
				"turbo-windows-arm64": "1.2.16"
			}
		},
		"turbo-darwin-64": {
			"version": "1.2.16",
			"resolved": "https://registry.npmjs.org/turbo-darwin-64/-/turbo-darwin-64-1.2.16.tgz",
			"integrity": "sha512-dyitLQJdH3uLVdlH9jAkP4LqEO/K+wOXjUqOzjTciRLjQPzmsNY60/bmFHODADK4eBBl1nxbtn7tmmoT4vS1qA==",
			"dev": true,
			"optional": true
		},
		"turbo-darwin-arm64": {
			"version": "1.2.16",
			"resolved": "https://registry.npmjs.org/turbo-darwin-arm64/-/turbo-darwin-arm64-1.2.16.tgz",
			"integrity": "sha512-Ex6uM4HU7rGXdhvJMpzNpp6qxglJ98nWeIi5qR/lBXHLjK3UCvSW8BEALArUJYJTXS9FZBq1a5LowFqXYsfDcA==",
			"dev": true,
			"optional": true
		},
		"turbo-freebsd-64": {
			"version": "1.2.16",
			"resolved": "https://registry.npmjs.org/turbo-freebsd-64/-/turbo-freebsd-64-1.2.16.tgz",
			"integrity": "sha512-onRGKMvog8B3XDssSBIAg+FrEq9pcBoAybP7bpi/uYIH1L/WQ7YMmLn88X9JX19ehYuVOVZrjap4jWH2GIkU8A==",
			"dev": true,
			"optional": true
		},
		"turbo-freebsd-arm64": {
			"version": "1.2.16",
			"resolved": "https://registry.npmjs.org/turbo-freebsd-arm64/-/turbo-freebsd-arm64-1.2.16.tgz",
			"integrity": "sha512-S0EqPqxwnJuVNNXRgcHB0r8ai8LSrpHdihVJKRM7WYmIR7isccBEf/G9agrt73sCXwjvenxFs4HDR7cSvGt14Q==",
			"dev": true,
			"optional": true
		},
		"turbo-linux-32": {
			"version": "1.2.16",
			"resolved": "https://registry.npmjs.org/turbo-linux-32/-/turbo-linux-32-1.2.16.tgz",
			"integrity": "sha512-ecbqmGOxgTWePGrowtwyvZGfvwaLxFWmPK21cU0PS+fzoZBaVmzYmniTdd/2EkGCw7TOPhtiT22v96fWcnRycA==",
			"dev": true,
			"optional": true
		},
		"turbo-linux-64": {
			"version": "1.2.16",
			"resolved": "https://registry.npmjs.org/turbo-linux-64/-/turbo-linux-64-1.2.16.tgz",
			"integrity": "sha512-q6gtdMWCzM0Sktkd73zcaQjNoeM1MjtrbwQBctWN/Sgj0eiPBPnzpIvokvx98x7RLf4qyI99/mlme0Dn5fx21A==",
			"dev": true,
			"optional": true
		},
		"turbo-linux-arm": {
			"version": "1.2.16",
			"resolved": "https://registry.npmjs.org/turbo-linux-arm/-/turbo-linux-arm-1.2.16.tgz",
			"integrity": "sha512-du7uvExELNb89V3g7iM0XP21fR1Yl3EoHRcOfQz32oUqnS7idCKvbEowM9LtiluQl1dKcOIJjn1nlvvsqzkhOg==",
			"dev": true,
			"optional": true
		},
		"turbo-linux-arm64": {
			"version": "1.2.16",
			"resolved": "https://registry.npmjs.org/turbo-linux-arm64/-/turbo-linux-arm64-1.2.16.tgz",
			"integrity": "sha512-gUf67tYJ/N09WAZTTmtUWYrqm381tZxiulnRGAIM+iRsaTrweyUKZaYXwJvlPpI/cQOw25wCG9/IyvxLeagL8A==",
			"dev": true,
			"optional": true
		},
		"turbo-linux-mips64le": {
			"version": "1.2.16",
			"resolved": "https://registry.npmjs.org/turbo-linux-mips64le/-/turbo-linux-mips64le-1.2.16.tgz",
			"integrity": "sha512-U5BM+Ql3z13uRtwMmKH/8eL+9DdTgyijC2gaX4xP0RTlcN7WfAstg8Fg/Tn2Vw9vtpVDdxwpw7dvX4kw2ghhpA==",
			"dev": true,
			"optional": true
		},
		"turbo-linux-ppc64le": {
			"version": "1.2.16",
			"resolved": "https://registry.npmjs.org/turbo-linux-ppc64le/-/turbo-linux-ppc64le-1.2.16.tgz",
			"integrity": "sha512-HQWSCmVZyc5chw7Ie2ZcfZPfmM06mbEEu0Wl11Y5QWh1ZzhPNQHs/TsF4I9r146wHi62XgcrKFjkw4ARZiWsLA==",
			"dev": true,
			"optional": true
		},
		"turbo-windows-32": {
			"version": "1.2.16",
			"resolved": "https://registry.npmjs.org/turbo-windows-32/-/turbo-windows-32-1.2.16.tgz",
			"integrity": "sha512-0ZtPz5FK2qZjznMG4vvRyaabrhO8BgbN+tBx1wjXSuoICTAjYi5TwRVVRh59c3x7qQmR21Cv33CrhLBPRfeAlg==",
			"dev": true,
			"optional": true
		},
		"turbo-windows-64": {
			"version": "1.2.16",
			"resolved": "https://registry.npmjs.org/turbo-windows-64/-/turbo-windows-64-1.2.16.tgz",
			"integrity": "sha512-j8iAIixq/rGfBpHNbYOosxMasZrGuMzLILEuQGDxZgKNpYgobJ15QFHQlGR9sit1b8qPU5zZX4CtByRtkgH1Bw==",
			"dev": true,
			"optional": true
		},
		"turbo-windows-arm64": {
			"version": "1.2.16",
			"resolved": "https://registry.npmjs.org/turbo-windows-arm64/-/turbo-windows-arm64-1.2.16.tgz",
			"integrity": "sha512-4GpcJG3B8R9WDhwfT8fu6ZmOOfseCg6Q1cy/G8/zpJQk769yYcSnD8MgQhYgHB58aVFxZcMxBvLL6UA0UrpgWA==",
			"dev": true,
			"optional": true
		}
	}
}
