{
  "version": "3",
  "packages": {
    "specifiers": {
      "jsr:@std/cli@^1.0.9": "jsr:@std/cli@1.0.13",
      "npm:@msgpack/msgpack@3.0.0-beta2": "npm:@msgpack/msgpack@3.0.0-beta2",
      "npm:@rocket.chat/ui-kit@^0.31.22": "npm:@rocket.chat/ui-kit@0.31.25_@rocket.chat+icons@0.32.0",
      "npm:acorn-walk@8.2.0": "npm:acorn-walk@8.2.0",
      "npm:acorn@8.10.0": "npm:acorn@8.10.0",
      "npm:astring@1.8.6": "npm:astring@1.8.6",
      "npm:jsonrpc-lite@2.2.0": "npm:jsonrpc-lite@2.2.0",
      "npm:stack-trace": "npm:stack-trace@0.0.10",
      "npm:stack-trace@0.0.10": "npm:stack-trace@0.0.10",
      "npm:uuid@8.3.2": "npm:uuid@8.3.2"
    },
    "jsr": {
      "@std/cli@1.0.13": {
        "integrity": "5db2d95ab2dca3bca9fb6ad3c19908c314e93d6391c8b026725e4892d4615a69"
      }
    },
    "npm": {
      "@msgpack/msgpack@3.0.0-beta2": {
        "integrity": "sha512-y+l1PNV0XDyY8sM3YtuMLK5vE3/hkfId+Do8pLo/OPxfxuFAUwcGz3oiiUuV46/aBpwTzZ+mRWVMtlSKbradhw==",
        "dependencies": {}
      },
      "@rocket.chat/icons@0.32.0": {
        "integrity": "sha512-7yhhELKNLb9kUtXCvau0V+iMXraV2bOsxcPjc/ZtLR5VeeIDTeaflqRWGtLroX6f3bE+J1n5qB5zi8A4YXuH2g==",
        "dependencies": {}
      },
      "@rocket.chat/ui-kit@0.31.25_@rocket.chat+icons@0.32.0": {
        "integrity": "sha512-yTgTKDw9SMlJ6p8n0PDO6zSvox/nHYUrwCIvILQeAK6PvTrgSe/u9CvU7ATTYjnQiQ603yEGR6dxjF4euCGdNA==",
        "dependencies": {
          "@rocket.chat/icons": "@rocket.chat/icons@0.32.0"
        }
      },
      "acorn-walk@8.2.0": {
        "integrity": "sha512-k+iyHEuPgSw6SbuDpGQM+06HQUa04DZ3o+F6CSzXMvvI5KMvnaEqXe+YVe555R9nn6GPt404fos4wcgpw12SDA==",
        "dependencies": {}
      },
      "acorn@8.10.0": {
        "integrity": "sha512-F0SAmZ8iUtS//m8DmCTA0jlh6TDKkHQyK6xc6V4KDTyZKA9dnvX9/3sRTVQrWm79glUAZbnmmNcdYwUIHWVybw==",
        "dependencies": {}
      },
      "astring@1.8.6": {
        "integrity": "sha512-ISvCdHdlTDlH5IpxQJIex7BWBywFWgjJSVdwst+/iQCoEYnyOaQ95+X1JGshuBjGp6nxKUy1jMgE3zPqN7fQdg==",
        "dependencies": {}
      },
      "jsonrpc-lite@2.2.0": {
        "integrity": "sha512-/cbbSxtZWs1O7R4tWqabrCM/t3N8qKUZMAg9IUqpPvUs6UyRvm6pCNYkskyKN/XU0UgffW+NY2ZRr8t0AknX7g==",
        "dependencies": {}
      },
      "stack-trace@0.0.10": {
        "integrity": "sha512-KGzahc7puUKkzyMt+IqAep+TVNbKP+k2Lmwhub39m1AsTSkaDutx56aDCo+HLDzf/D26BIHTJWNiTG1KAJiQCg==",
        "dependencies": {}
      },
      "uuid@8.3.2": {
        "integrity": "sha512-+NYs2QeMWy+GWFOEm9xnn6HCDp0l7QBD7ml8zLUmJ+93Q5NF0NocErnwkTkXVFNiX3/fpC6afS8Dhb/gz7R7eg==",
        "dependencies": {}
      }
    }
  },
  "remote": {
    "https://deno.land/std@0.203.0/assert/_constants.ts": "8a9da298c26750b28b326b297316cdde860bc237533b07e1337c021379e6b2a9",
    "https://deno.land/std@0.203.0/assert/_diff.ts": "1a3c044aedf77647d6cac86b798c6417603361b66b54c53331b312caeb447aea",
    "https://deno.land/std@0.203.0/assert/_format.ts": "a69126e8a469009adf4cf2a50af889aca364c349797e63174884a52ff75cf4c7",
    "https://deno.land/std@0.203.0/assert/assert.ts": "9a97dad6d98c238938e7540736b826440ad8c1c1e54430ca4c4e623e585607ee",
    "https://deno.land/std@0.203.0/assert/assert_almost_equals.ts": "e15ca1f34d0d5e0afae63b3f5d975cbd18335a132e42b0c747d282f62ad2cd6c",
    "https://deno.land/std@0.203.0/assert/assert_array_includes.ts": "6856d7f2c3544bc6e62fb4646dfefa3d1df5ff14744d1bca19f0cbaf3b0d66c9",
    "https://deno.land/std@0.203.0/assert/assert_equals.ts": "d8ec8a22447fbaf2fc9d7c3ed2e66790fdb74beae3e482855d75782218d68227",
    "https://deno.land/std@0.203.0/assert/assert_exists.ts": "407cb6b9fb23a835cd8d5ad804e2e2edbbbf3870e322d53f79e1c7a512e2efd7",
    "https://deno.land/std@0.203.0/assert/assert_false.ts": "0ccbcaae910f52c857192ff16ea08bda40fdc79de80846c206bfc061e8c851c6",
    "https://deno.land/std@0.203.0/assert/assert_greater.ts": "ae2158a2d19313bf675bf7251d31c6dc52973edb12ac64ac8fc7064152af3e63",
    "https://deno.land/std@0.203.0/assert/assert_greater_or_equal.ts": "1439da5ebbe20855446cac50097ac78b9742abe8e9a43e7de1ce1426d556e89c",
    "https://deno.land/std@0.203.0/assert/assert_instance_of.ts": "3aedb3d8186e120812d2b3a5dea66a6e42bf8c57a8bd927645770bd21eea554c",
    "https://deno.land/std@0.203.0/assert/assert_is_error.ts": "c21113094a51a296ffaf036767d616a78a2ae5f9f7bbd464cd0197476498b94b",
    "https://deno.land/std@0.203.0/assert/assert_less.ts": "aec695db57db42ec3e2b62e97e1e93db0063f5a6ec133326cc290ff4b71b47e4",
    "https://deno.land/std@0.203.0/assert/assert_less_or_equal.ts": "5fa8b6a3ffa20fd0a05032fe7257bf985d207b85685fdbcd23651b70f928c848",
    "https://deno.land/std@0.203.0/assert/assert_match.ts": "c4083f80600bc190309903c95e397a7c9257ff8b5ae5c7ef91e834704e672e9b",
    "https://deno.land/std@0.203.0/assert/assert_not_equals.ts": "9f1acab95bd1f5fc9a1b17b8027d894509a745d91bac1718fdab51dc76831754",
    "https://deno.land/std@0.203.0/assert/assert_not_instance_of.ts": "0c14d3dfd9ab7a5276ed8ed0b18c703d79a3d106102077ec437bfe7ed912bd22",
    "https://deno.land/std@0.203.0/assert/assert_not_match.ts": "3796a5b0c57a1ce6c1c57883dd4286be13a26f715ea662318ab43a8491a13ab0",
    "https://deno.land/std@0.203.0/assert/assert_not_strict_equals.ts": "ca6c6d645e95fbc873d25320efeb8c4c6089a9a5e09f92d7c1c4b6e935c2a6ad",
    "https://deno.land/std@0.203.0/assert/assert_object_match.ts": "d8fc2867cfd92eeacf9cea621e10336b666de1874a6767b5ec48988838370b54",
    "https://deno.land/std@0.203.0/assert/assert_rejects.ts": "45c59724de2701e3b1f67c391d6c71c392363635aad3f68a1b3408f9efca0057",
    "https://deno.land/std@0.203.0/assert/assert_strict_equals.ts": "b1f538a7ea5f8348aeca261d4f9ca603127c665e0f2bbfeb91fa272787c87265",
    "https://deno.land/std@0.203.0/assert/assert_string_includes.ts": "b821d39ebf5cb0200a348863c86d8c4c4b398e02012ce74ad15666fc4b631b0c",
    "https://deno.land/std@0.203.0/assert/assert_throws.ts": "63784e951475cb7bdfd59878cd25a0931e18f6dc32a6077c454b2cd94f4f4bcd",
    "https://deno.land/std@0.203.0/assert/assertion_error.ts": "4d0bde9b374dfbcbe8ac23f54f567b77024fb67dbb1906a852d67fe050d42f56",
    "https://deno.land/std@0.203.0/assert/equal.ts": "9f1a46d5993966d2596c44e5858eec821859b45f783a5ee2f7a695dfc12d8ece",
    "https://deno.land/std@0.203.0/assert/fail.ts": "c36353d7ae6e1f7933d45f8ea51e358c8c4b67d7e7502028598fe1fea062e278",
    "https://deno.land/std@0.203.0/assert/mod.ts": "37c49a26aae2b254bbe25723434dc28cd7532e444cf0b481a97c045d110ec085",
    "https://deno.land/std@0.203.0/assert/unimplemented.ts": "d56fbeecb1f108331a380f72e3e010a1f161baa6956fd0f7cf3e095ae1a4c75a",
    "https://deno.land/std@0.203.0/assert/unreachable.ts": "4600dc0baf7d9c15a7f7d234f00c23bca8f3eba8b140286aaca7aa998cf9a536",
    "https://deno.land/std@0.203.0/fmt/colors.ts": "c51c4642678eb690dcf5ffee5918b675bf01a33fba82acf303701ae1a4f8c8d9",
    "https://deno.land/std@0.203.0/testing/_test_suite.ts": "30f018feeb3835f12ab198d8a518f9089b1bcb2e8c838a8b615ab10d5005465c",
    "https://deno.land/std@0.203.0/testing/bdd.ts": "3f446df5ef8e856a869e8eec54c8482590415741ff0b6358a00c43486cc15769",
    "https://deno.land/std@0.203.0/testing/mock.ts": "6576b4aa55ee20b1990d656a78fff83599e190948c00e9f25a7f3ac5e9d6492d",
    "https://deno.land/std@0.216.0/io/types.ts": "748bbb3ac96abda03594ef5a0db15ce5450dcc6c0d841c8906f8b10ac8d32c96",
    "https://deno.land/std@0.216.0/io/write_all.ts": "24aac2312bb21096ae3ae0b102b22c26164d3249dff96dbac130958aa736f038",
    "https://jsr.io/@std/cli/1.0.9/parse_args.ts": "29ac18602d8836d2723cab1d90111ff954acc369f184626a3f9f677e3185caef"
  },
  "workspace": {
    "dependencies": [
      "jsr:@std/cli@^1.0.9",
      "npm:@msgpack/msgpack@3.0.0-beta2",
      "npm:@rocket.chat/ui-kit@^0.31.22",
      "npm:acorn-walk@8.2.0",
      "npm:acorn@8.10.0",
      "npm:astring@1.8.6",
      "npm:jsonrpc-lite@2.2.0",
      "npm:stack-trace@0.0.10",
      "npm:uuid@8.3.2"
    ]
  }
}
