{
  "dependencies": {
    "twilio": {
      "version": "2.9.1",
      "dependencies": {
        "request": {
          "version": "2.55.0",
          "dependencies": {
            "bl": {
              "version": "0.9.5",
              "dependencies": {
                "readable-stream": {
                  "version": "1.0.34",
                  "dependencies": {
                    "core-util-is": {
                      "version": "1.0.2"
                    },
                    "isarray": {
                      "version": "0.0.1"
                    },
                    "string_decoder": {
                      "version": "0.10.31"
                    },
                    "inherits": {
                      "version": "2.0.1"
                    }
                  }
                }
              }
            },
            "caseless": {
              "version": "0.9.0"
            },
            "forever-agent": {
              "version": "0.6.1"
            },
            "form-data": {
              "version": "0.2.0",
              "dependencies": {
                "async": {
                  "version": "0.9.2"
                }
              }
            },
            "json-stringify-safe": {
              "version": "5.0.1"
            },
            "mime-types": {
              "version": "2.0.14",
              "dependencies": {
                "mime-db": {
                  "version": "1.12.0"
                }
              }
            },
            "node-uuid": {
              "version": "1.4.7"
            },
            "qs": {
              "version": "2.4.2"
            },
            "tunnel-agent": {
              "version": "0.4.2"
            },
            "tough-cookie": {
              "version": "2.2.2"
            },
            "http-signature": {
              "version": "0.10.1",
              "dependencies": {
                "assert-plus": {
                  "version": "0.1.5"
                },
                "asn1": {
                  "version": "0.1.11"
                },
                "ctype": {
                  "version": "0.5.3"
                }
              }
            },
            "oauth-sign": {
              "version": "0.6.0"
            },
            "hawk": {
              "version": "2.3.1",
              "dependencies": {
                "hoek": {
                  "version": "2.16.3"
                },
                "boom": {
                  "version": "2.10.1"
                },
                "cryptiles": {
                  "version": "2.0.5"
                },
                "sntp": {
                  "version": "1.0.9"
                }
              }
            },
            "aws-sign2": {
              "version": "0.5.0"
            },
            "stringstream": {
              "version": "0.0.5"
            },
            "combined-stream": {
              "version": "0.0.7",
              "dependencies": {
                "delayed-stream": {
                  "version": "0.0.5"
                }
              }
            },
            "isstream": {
              "version": "0.1.2"
            },
            "har-validator": {
              "version": "1.8.0",
              "dependencies": {
                "bluebird": {
                  "version": "2.10.2"
                },
                "chalk": {
                  "version": "1.1.3",
                  "dependencies": {
                    "ansi-styles": {
                      "version": "2.2.1"
                    },
                    "escape-string-regexp": {
                      "version": "1.0.5"
                    },
                    "has-ansi": {
                      "version": "2.0.0",
                      "dependencies": {
                        "ansi-regex": {
                          "version": "2.0.0"
                        }
                      }
                    },
                    "strip-ansi": {
                      "version": "3.0.1",
                      "dependencies": {
                        "ansi-regex": {
                          "version": "2.0.0"
                        }
                      }
                    },
                    "supports-color": {
                      "version": "2.0.0"
                    }
                  }
                },
                "commander": {
                  "version": "2.9.0",
                  "dependencies": {
                    "graceful-readlink": {
                      "version": "1.0.1"
                    }
                  }
                },
                "is-my-json-valid": {
                  "version": "2.13.1",
                  "dependencies": {
                    "generate-function": {
                      "version": "2.0.0"
                    },
                    "generate-object-property": {
                      "version": "1.2.0",
                      "dependencies": {
                        "is-property": {
                          "version": "1.0.2"
                        }
                      }
                    },
                    "jsonpointer": {
                      "version": "2.0.0"
                    },
                    "xtend": {
                      "version": "4.0.1"
                    }
                  }
                }
              }
            }
          }
        },
        "underscore": {
          "version": "1.8.3"
        },
        "jsonwebtoken": {
          "version": "5.4.1",
          "dependencies": {
            "jws": {
              "version": "3.1.3",
              "dependencies": {
                "base64url": {
                  "version": "1.0.6",
                  "dependencies": {
                    "concat-stream": {
                      "version": "1.4.10",
                      "dependencies": {
                        "inherits": {
                          "version": "2.0.1"
                        },
                        "typedarray": {
                          "version": "0.0.6"
                        },
                        "readable-stream": {
                          "version": "1.1.14",
                          "dependencies": {
                            "core-util-is": {
                              "version": "1.0.2"
                            },
                            "isarray": {
                              "version": "0.0.1"
                            },
                            "string_decoder": {
                              "version": "0.10.31"
                            }
                          }
                        }
                      }
                    },
                    "meow": {
                      "version": "2.0.0",
                      "dependencies": {
                        "camelcase-keys": {
                          "version": "1.0.0",
                          "dependencies": {
                            "camelcase": {
                              "version": "1.2.1"
                            },
                            "map-obj": {
                              "version": "1.0.1"
                            }
                          }
                        },
                        "indent-string": {
                          "version": "1.2.2",
                          "dependencies": {
                            "get-stdin": {
                              "version": "4.0.1"
                            },
                            "repeating": {
                              "version": "1.1.3",
                              "dependencies": {
                                "is-finite": {
                                  "version": "1.0.1",
                                  "dependencies": {
                                    "number-is-nan": {
                                      "version": "1.0.0"
                                    }
                                  }
                                }
                              }
                            }
                          }
                        },
                        "minimist": {
                          "version": "1.2.0"
                        },
                        "object-assign": {
                          "version": "1.0.0"
                        }
                      }
                    }
                  }
                },
                "jwa": {
                  "version": "1.1.3",
                  "dependencies": {
                    "buffer-equal-constant-time": {
                      "version": "1.0.1"
                    },
                    "ecdsa-sig-formatter": {
                      "version": "1.0.5",
                      "dependencies": {
                        "base64-url": {
                          "version": "1.2.2"
                        }
                      }
                    }
                  }
                }
              }
            },
            "ms": {
              "version": "0.7.1"
            }
          }
        },
        "jwt-simple": {
          "version": "0.1.0"
        },
        "q": {
          "version": "0.9.7"
        },
        "scmp": {
          "version": "0.0.3"
        },
        "deprecate": {
          "version": "0.1.0"
        },
        "string.prototype.startswith": {
          "version": "0.2.0"
        }
      }
    }
  }
}
