{
  "name": "rocketchat-livechat",
  "version": "1.0.0",
  "lockfileVersion": 1,
  "requires": true,
  "dependencies": {
    "abbrev": {
      "version": "https://registry.npmjs.org/abbrev/-/abbrev-1.1.0.tgz",
      "integrity": "sha1-0FVMIlZjbi9W58LlrRg/hZQo2B8="
    },
    "ajv": {
      "version": "https://registry.npmjs.org/ajv/-/ajv-4.11.8.tgz",
      "integrity": "sha1-gv+wKynmYq5TvcIK8VlHcGc5xTY=",
      "requires": {
        "co": "https://registry.npmjs.org/co/-/co-4.6.0.tgz",
        "json-stable-stringify": "https://registry.npmjs.org/json-stable-stringify/-/json-stable-stringify-1.0.1.tgz"
      }
    },
    "ansi-regex": {
      "version": "https://registry.npmjs.org/ansi-regex/-/ansi-regex-2.1.1.tgz",
      "integrity": "sha1-w7M6te42DYbg5ijwRorn7yfWVN8="
    },
    "aproba": {
      "version": "https://registry.npmjs.org/aproba/-/aproba-1.1.2.tgz",
      "integrity": "sha1-RcZikJTeTpb2k+9+q3SuB5wkD8E="
    },
    "are-we-there-yet": {
      "version": "https://registry.npmjs.org/are-we-there-yet/-/are-we-there-yet-1.1.4.tgz",
      "integrity": "sha1-u13KOCu5TwXhUZQ3PRb9O6HKEQ0=",
      "requires": {
        "delegates": "https://registry.npmjs.org/delegates/-/delegates-1.0.0.tgz",
        "readable-stream": "https://registry.npmjs.org/readable-stream/-/readable-stream-2.3.3.tgz"
      }
    },
    "asn1": {
      "version": "https://registry.npmjs.org/asn1/-/asn1-0.2.3.tgz",
      "integrity": "sha1-2sh4dxPJlmhJ/IGAd36+nB3fO4Y="
    },
    "assert-plus": {
      "version": "https://registry.npmjs.org/assert-plus/-/assert-plus-0.2.0.tgz",
      "integrity": "sha1-104bh+ev/A24qttwIfP+SBAasjQ="
    },
    "asynckit": {
      "version": "https://registry.npmjs.org/asynckit/-/asynckit-0.4.0.tgz",
      "integrity": "sha1-x57Zf380y48robyXkLzDZkdLS3k="
    },
    "autolinker": {
      "version": "https://registry.npmjs.org/autolinker/-/autolinker-1.4.3.tgz",
      "integrity": "sha1-LmFQV8jjcTmabXeUmppq8k/kbfw="
    },
    "aws-sign2": {
      "version": "https://registry.npmjs.org/aws-sign2/-/aws-sign2-0.6.0.tgz",
      "integrity": "sha1-FDQt0428yU0OW4fXY81jYSwOeU8="
    },
    "aws4": {
      "version": "https://registry.npmjs.org/aws4/-/aws4-1.6.0.tgz",
      "integrity": "sha1-g+9cqGCysy5KDe7e6MdxudtXRx4="
    },
    "babel-runtime": {
      "version": "https://registry.npmjs.org/babel-runtime/-/babel-runtime-6.26.0.tgz",
      "integrity": "sha1-llxwWGaOgrVde/4E/yM3vItWR/4=",
      "requires": {
        "core-js": "https://registry.npmjs.org/core-js/-/core-js-2.5.0.tgz",
        "regenerator-runtime": "https://registry.npmjs.org/regenerator-runtime/-/regenerator-runtime-0.11.0.tgz"
      }
    },
    "balanced-match": {
      "version": "https://registry.npmjs.org/balanced-match/-/balanced-match-1.0.0.tgz",
      "integrity": "sha1-ibTRmasr7kneFk6gK4nORi1xt2c="
    },
    "bcrypt": {
      "version": "https://registry.npmjs.org/bcrypt/-/bcrypt-1.0.3.tgz",
      "integrity": "sha1-sC3cbAtS6ha40883XVoy54DatUg=",
      "requires": {
        "nan": "https://registry.npmjs.org/nan/-/nan-2.6.2.tgz",
        "node-pre-gyp": "https://registry.npmjs.org/node-pre-gyp/-/node-pre-gyp-0.6.36.tgz"
      }
    },
    "bcrypt-pbkdf": {
      "version": "https://registry.npmjs.org/bcrypt-pbkdf/-/bcrypt-pbkdf-1.0.1.tgz",
      "integrity": "sha1-Y7xdy2EzG5K8Bf1SiVPDNGKgb40=",
      "optional": true,
      "requires": {
        "tweetnacl": "https://registry.npmjs.org/tweetnacl/-/tweetnacl-0.14.5.tgz"
      }
    },
    "block-stream": {
      "version": "https://registry.npmjs.org/block-stream/-/block-stream-0.0.9.tgz",
      "integrity": "sha1-E+v+d4oDIFz+A3UUgeu0szAMEmo=",
      "requires": {
        "inherits": "https://registry.npmjs.org/inherits/-/inherits-2.0.3.tgz"
      }
    },
    "boom": {
      "version": "https://registry.npmjs.org/boom/-/boom-2.10.1.tgz",
      "integrity": "sha1-OciRjO/1eZ+D+UkqhI9iWt0Mdm8=",
      "requires": {
        "hoek": "https://registry.npmjs.org/hoek/-/hoek-2.16.3.tgz"
      }
    },
    "brace-expansion": {
      "version": "https://registry.npmjs.org/brace-expansion/-/brace-expansion-1.1.8.tgz",
      "integrity": "sha1-wHshHHyVLsH479Uad+8NHTmQopI=",
      "requires": {
        "balanced-match": "https://registry.npmjs.org/balanced-match/-/balanced-match-1.0.0.tgz",
        "concat-map": "https://registry.npmjs.org/concat-map/-/concat-map-0.0.1.tgz"
      }
    },
    "caseless": {
      "version": "https://registry.npmjs.org/caseless/-/caseless-0.12.0.tgz",
      "integrity": "sha1-G2gcIf+EAzyCZUMJBolCDRhxUdw="
    },
    "co": {
      "version": "https://registry.npmjs.org/co/-/co-4.6.0.tgz",
      "integrity": "sha1-bqa989hTrlTMuOR7+gvz+QMfsYQ="
    },
    "code-point-at": {
      "version": "https://registry.npmjs.org/code-point-at/-/code-point-at-1.1.0.tgz",
      "integrity": "sha1-DQcLTQQ6W+ozovGkDi7bPZpMz3c="
    },
    "combined-stream": {
      "version": "https://registry.npmjs.org/combined-stream/-/combined-stream-1.0.5.tgz",
      "integrity": "sha1-k4NwpXtKUd6ix3wV1cX9+JUWQAk=",
      "requires": {
        "delayed-stream": "https://registry.npmjs.org/delayed-stream/-/delayed-stream-1.0.0.tgz"
      }
    },
    "concat-map": {
      "version": "https://registry.npmjs.org/concat-map/-/concat-map-0.0.1.tgz",
      "integrity": "sha1-2Klr13/Wjfd5OnMDajug1UBdR3s="
    },
    "console-control-strings": {
      "version": "https://registry.npmjs.org/console-control-strings/-/console-control-strings-1.1.0.tgz",
      "integrity": "sha1-PXz0Rk22RG6mRL9LOVB/mFEAjo4="
    },
    "core-js": {
      "version": "https://registry.npmjs.org/core-js/-/core-js-2.5.0.tgz",
      "integrity": "sha1-VpwFCRi+ZIazg3VSAorgRmtxcIY="
    },
    "core-util-is": {
      "version": "https://registry.npmjs.org/core-util-is/-/core-util-is-1.0.2.tgz",
      "integrity": "sha1-tf1UIgqivFq1eqtxQMlAdUUDwac="
    },
    "cryptiles": {
      "version": "https://registry.npmjs.org/cryptiles/-/cryptiles-2.0.5.tgz",
      "integrity": "sha1-O9/s3GCBR8HGcgL6KR59ylnqo7g=",
      "requires": {
        "boom": "https://registry.npmjs.org/boom/-/boom-2.10.1.tgz"
      }
    },
    "dashdash": {
      "version": "https://registry.npmjs.org/dashdash/-/dashdash-1.14.1.tgz",
      "integrity": "sha1-hTz6D3y+L+1d4gMmuN1YEDX24vA=",
      "requires": {
        "assert-plus": "https://registry.npmjs.org/assert-plus/-/assert-plus-1.0.0.tgz"
      },
      "dependencies": {
        "assert-plus": {
          "version": "https://registry.npmjs.org/assert-plus/-/assert-plus-1.0.0.tgz",
          "integrity": "sha1-8S4PPF13sLHN2RRpQuTpbB5N1SU="
        }
      }
    },
    "debug": {
      "version": "https://registry.npmjs.org/debug/-/debug-2.6.8.tgz",
      "integrity": "sha1-5zFTHKLt4n0YgiJCfaF4IdaP9Pw=",
      "requires": {
        "ms": "https://registry.npmjs.org/ms/-/ms-2.0.0.tgz"
      }
    },
    "deep-extend": {
      "version": "https://registry.npmjs.org/deep-extend/-/deep-extend-0.4.2.tgz",
      "integrity": "sha1-SLaZwn4zS/ifEIkr5DL25MfTSn8="
    },
    "delayed-stream": {
      "version": "https://registry.npmjs.org/delayed-stream/-/delayed-stream-1.0.0.tgz",
      "integrity": "sha1-3zrhmayt+31ECqrgsp4icrJOxhk="
    },
    "delegates": {
      "version": "https://registry.npmjs.org/delegates/-/delegates-1.0.0.tgz",
      "integrity": "sha1-hMbhWbgZBP3KWaDvRM2HDTElD5o="
    },
    "ecc-jsbn": {
      "version": "https://registry.npmjs.org/ecc-jsbn/-/ecc-jsbn-0.1.1.tgz",
      "integrity": "sha1-D8c6ntXw1Tw4GTOYUj735UN3dQU=",
      "optional": true,
      "requires": {
        "jsbn": "https://registry.npmjs.org/jsbn/-/jsbn-0.1.1.tgz"
      }
    },
    "extend": {
      "version": "https://registry.npmjs.org/extend/-/extend-3.0.1.tgz",
      "integrity": "sha1-p1Xqe8Gt/MWjHOfnYtuq3F5jZEQ="
    },
    "extsprintf": {
      "version": "https://registry.npmjs.org/extsprintf/-/extsprintf-1.3.0.tgz",
      "integrity": "sha1-lpGEQOMEGnpBT4xS48V06zw+HgU="
    },
    "forever-agent": {
      "version": "https://registry.npmjs.org/forever-agent/-/forever-agent-0.6.1.tgz",
      "integrity": "sha1-+8cfDEGt6zf5bFd60e1C2P2sypE="
    },
    "form-data": {
      "version": "https://registry.npmjs.org/form-data/-/form-data-2.1.4.tgz",
      "integrity": "sha1-M8GDrPGTJ27KqYFDpp6Uv+4XUNE=",
      "requires": {
        "asynckit": "https://registry.npmjs.org/asynckit/-/asynckit-0.4.0.tgz",
        "combined-stream": "https://registry.npmjs.org/combined-stream/-/combined-stream-1.0.5.tgz",
        "mime-types": "https://registry.npmjs.org/mime-types/-/mime-types-2.1.16.tgz"
      }
    },
    "fs.realpath": {
      "version": "https://registry.npmjs.org/fs.realpath/-/fs.realpath-1.0.0.tgz",
      "integrity": "sha1-FQStJSMVjKpA20onh8sBQRmU6k8="
    },
    "fstream": {
      "version": "https://registry.npmjs.org/fstream/-/fstream-1.0.11.tgz",
      "integrity": "sha1-XB+x8RdHcRTwYyoOtLcbPLD9MXE=",
      "requires": {
        "graceful-fs": "https://registry.npmjs.org/graceful-fs/-/graceful-fs-4.1.11.tgz",
        "inherits": "https://registry.npmjs.org/inherits/-/inherits-2.0.3.tgz",
        "mkdirp": "https://registry.npmjs.org/mkdirp/-/mkdirp-0.5.1.tgz",
        "rimraf": "https://registry.npmjs.org/rimraf/-/rimraf-2.6.1.tgz"
      }
    },
    "fstream-ignore": {
      "version": "https://registry.npmjs.org/fstream-ignore/-/fstream-ignore-1.0.5.tgz",
      "integrity": "sha1-nDHa40dnAY/h0kmyTa2mfQktoQU=",
      "requires": {
        "fstream": "https://registry.npmjs.org/fstream/-/fstream-1.0.11.tgz",
        "inherits": "https://registry.npmjs.org/inherits/-/inherits-2.0.3.tgz",
        "minimatch": "https://registry.npmjs.org/minimatch/-/minimatch-3.0.4.tgz"
      }
    },
    "gauge": {
      "version": "https://registry.npmjs.org/gauge/-/gauge-2.7.4.tgz",
      "integrity": "sha1-LANAXHU4w51+s3sxcCLjJfsBi/c=",
      "requires": {
        "aproba": "https://registry.npmjs.org/aproba/-/aproba-1.1.2.tgz",
        "console-control-strings": "https://registry.npmjs.org/console-control-strings/-/console-control-strings-1.1.0.tgz",
        "has-unicode": "https://registry.npmjs.org/has-unicode/-/has-unicode-2.0.1.tgz",
        "object-assign": "https://registry.npmjs.org/object-assign/-/object-assign-4.1.1.tgz",
        "signal-exit": "https://registry.npmjs.org/signal-exit/-/signal-exit-3.0.2.tgz",
        "string-width": "https://registry.npmjs.org/string-width/-/string-width-1.0.2.tgz",
        "strip-ansi": "https://registry.npmjs.org/strip-ansi/-/strip-ansi-3.0.1.tgz",
        "wide-align": "https://registry.npmjs.org/wide-align/-/wide-align-1.1.2.tgz"
      }
    },
    "getpass": {
      "version": "https://registry.npmjs.org/getpass/-/getpass-0.1.7.tgz",
      "integrity": "sha1-Xv+OPmhNVprkyysSgmBOi6YhSfo=",
      "requires": {
        "assert-plus": "https://registry.npmjs.org/assert-plus/-/assert-plus-1.0.0.tgz"
      },
      "dependencies": {
        "assert-plus": {
          "version": "https://registry.npmjs.org/assert-plus/-/assert-plus-1.0.0.tgz",
          "integrity": "sha1-8S4PPF13sLHN2RRpQuTpbB5N1SU="
        }
      }
    },
    "glob": {
      "version": "https://registry.npmjs.org/glob/-/glob-7.1.2.tgz",
      "integrity": "sha1-wZyd+aAocC1nhhI4SmVSQExjbRU=",
      "requires": {
        "fs.realpath": "https://registry.npmjs.org/fs.realpath/-/fs.realpath-1.0.0.tgz",
        "inflight": "https://registry.npmjs.org/inflight/-/inflight-1.0.6.tgz",
        "inherits": "https://registry.npmjs.org/inherits/-/inherits-2.0.3.tgz",
        "minimatch": "https://registry.npmjs.org/minimatch/-/minimatch-3.0.4.tgz",
        "once": "https://registry.npmjs.org/once/-/once-1.4.0.tgz",
        "path-is-absolute": "https://registry.npmjs.org/path-is-absolute/-/path-is-absolute-1.0.1.tgz"
      }
    },
    "graceful-fs": {
      "version": "https://registry.npmjs.org/graceful-fs/-/graceful-fs-4.1.11.tgz",
      "integrity": "sha1-Dovf5NHduIVNZOBOp8AOKgJuVlg="
    },
    "har-schema": {
      "version": "https://registry.npmjs.org/har-schema/-/har-schema-1.0.5.tgz",
      "integrity": "sha1-0mMTX0MwfALGAq/I/pWXDAFRNp4="
    },
    "har-validator": {
      "version": "https://registry.npmjs.org/har-validator/-/har-validator-4.2.1.tgz",
      "integrity": "sha1-M0gdDxu/9gDdID11gSpqX7oALio=",
      "requires": {
        "ajv": "https://registry.npmjs.org/ajv/-/ajv-4.11.8.tgz",
        "har-schema": "https://registry.npmjs.org/har-schema/-/har-schema-1.0.5.tgz"
      }
    },
    "has-unicode": {
      "version": "https://registry.npmjs.org/has-unicode/-/has-unicode-2.0.1.tgz",
      "integrity": "sha1-4Ob+aijPUROIVeCG0Wkedx3iqLk="
    },
    "hawk": {
      "version": "https://registry.npmjs.org/hawk/-/hawk-3.1.3.tgz",
      "integrity": "sha1-B4REvXwWQLD+VA0sm3PVlnjo4cQ=",
      "requires": {
        "boom": "https://registry.npmjs.org/boom/-/boom-2.10.1.tgz",
        "cryptiles": "https://registry.npmjs.org/cryptiles/-/cryptiles-2.0.5.tgz",
        "hoek": "https://registry.npmjs.org/hoek/-/hoek-2.16.3.tgz",
        "sntp": "https://registry.npmjs.org/sntp/-/sntp-1.0.9.tgz"
      }
    },
    "hoek": {
      "version": "https://registry.npmjs.org/hoek/-/hoek-2.16.3.tgz",
      "integrity": "sha1-ILt0A9POo5jpHcRxCo/xuCdKJe0="
    },
    "http-signature": {
      "version": "https://registry.npmjs.org/http-signature/-/http-signature-1.1.1.tgz",
      "integrity": "sha1-33LiZwZs0Kxn+3at+OE0qPvPkb8=",
      "requires": {
        "assert-plus": "https://registry.npmjs.org/assert-plus/-/assert-plus-0.2.0.tgz",
        "jsprim": "https://registry.npmjs.org/jsprim/-/jsprim-1.4.1.tgz",
        "sshpk": "https://registry.npmjs.org/sshpk/-/sshpk-1.13.1.tgz"
      }
    },
    "inflight": {
      "version": "https://registry.npmjs.org/inflight/-/inflight-1.0.6.tgz",
      "integrity": "sha1-Sb1jMdfQLQwJvJEKEHW6gWW1bfk=",
      "requires": {
        "once": "https://registry.npmjs.org/once/-/once-1.4.0.tgz",
        "wrappy": "https://registry.npmjs.org/wrappy/-/wrappy-1.0.2.tgz"
      }
    },
    "inherits": {
      "version": "https://registry.npmjs.org/inherits/-/inherits-2.0.3.tgz",
      "integrity": "sha1-Yzwsg+PaQqUC9SRmAiSA9CCCYd4="
    },
    "ini": {
      "version": "https://registry.npmjs.org/ini/-/ini-1.3.4.tgz",
      "integrity": "sha1-BTfLedr1m1mhpRff9wbIbsA5Fi4="
    },
    "is-fullwidth-code-point": {
      "version": "https://registry.npmjs.org/is-fullwidth-code-point/-/is-fullwidth-code-point-1.0.0.tgz",
      "integrity": "sha1-754xOG8DGn8NZDr4L95QxFfvAMs=",
      "requires": {
        "number-is-nan": "https://registry.npmjs.org/number-is-nan/-/number-is-nan-1.0.1.tgz"
      }
    },
    "is-typedarray": {
      "version": "https://registry.npmjs.org/is-typedarray/-/is-typedarray-1.0.0.tgz",
      "integrity": "sha1-5HnICFjfDBsR3dppQPlgEfzaSpo="
    },
    "isarray": {
      "version": "https://registry.npmjs.org/isarray/-/isarray-1.0.0.tgz",
      "integrity": "sha1-u5NdSFgsuhaMBoNJV6VKPgcSTxE="
    },
    "isstream": {
      "version": "https://registry.npmjs.org/isstream/-/isstream-0.1.2.tgz",
      "integrity": "sha1-R+Y/evVa+m+S4VAOaQ64uFKcCZo="
    },
    "jquery": {
      "version": "https://registry.npmjs.org/jquery/-/jquery-3.2.1.tgz",
      "integrity": "sha1-XE2d5lKvbNCncBVKYxu6ErAVx4c="
    },
    "jsbn": {
      "version": "https://registry.npmjs.org/jsbn/-/jsbn-0.1.1.tgz",
      "integrity": "sha1-peZUwuWi3rXyAdls77yoDA7y9RM=",
      "optional": true
    },
    "json-schema": {
      "version": "https://registry.npmjs.org/json-schema/-/json-schema-0.2.3.tgz",
      "integrity": "sha1-tIDIkuWaLwWVTOcnvT8qTogvnhM="
    },
    "json-stable-stringify": {
      "version": "https://registry.npmjs.org/json-stable-stringify/-/json-stable-stringify-1.0.1.tgz",
      "integrity": "sha1-mnWdOcXy/1A/1TAGRu1EX4jE+a8=",
      "requires": {
        "jsonify": "https://registry.npmjs.org/jsonify/-/jsonify-0.0.0.tgz"
      }
    },
    "json-stringify-safe": {
      "version": "https://registry.npmjs.org/json-stringify-safe/-/json-stringify-safe-5.0.1.tgz",
      "integrity": "sha1-Epai1Y/UXxmg9s4B1lcB4sc1tus="
    },
    "jsonify": {
      "version": "https://registry.npmjs.org/jsonify/-/jsonify-0.0.0.tgz",
      "integrity": "sha1-LHS27kHZPKUbe1qu6PUDYx0lKnM="
    },
    "jsprim": {
      "version": "https://registry.npmjs.org/jsprim/-/jsprim-1.4.1.tgz",
      "integrity": "sha1-MT5mvB5cwG5Di8G3SZwuXFastqI=",
      "requires": {
        "assert-plus": "https://registry.npmjs.org/assert-plus/-/assert-plus-1.0.0.tgz",
        "extsprintf": "https://registry.npmjs.org/extsprintf/-/extsprintf-1.3.0.tgz",
        "json-schema": "https://registry.npmjs.org/json-schema/-/json-schema-0.2.3.tgz",
        "verror": "https://registry.npmjs.org/verror/-/verror-1.10.0.tgz"
      },
      "dependencies": {
        "assert-plus": {
          "version": "https://registry.npmjs.org/assert-plus/-/assert-plus-1.0.0.tgz",
          "integrity": "sha1-8S4PPF13sLHN2RRpQuTpbB5N1SU="
        }
      }
    },
    "mime-db": {
      "version": "https://registry.npmjs.org/mime-db/-/mime-db-1.29.0.tgz",
      "integrity": "sha1-SNJtI1WJZRcErFkWygYAGRQmaHg="
    },
    "mime-types": {
      "version": "https://registry.npmjs.org/mime-types/-/mime-types-2.1.16.tgz",
      "integrity": "sha1-K4WKUuXs1RbbiXrCvodIeDBpjiM=",
      "requires": {
        "mime-db": "https://registry.npmjs.org/mime-db/-/mime-db-1.29.0.tgz"
      }
    },
    "minimatch": {
      "version": "https://registry.npmjs.org/minimatch/-/minimatch-3.0.4.tgz",
      "integrity": "sha1-UWbihkV/AzBgZL5Ul+jbsMPTIIM=",
      "requires": {
        "brace-expansion": "https://registry.npmjs.org/brace-expansion/-/brace-expansion-1.1.8.tgz"
      }
    },
    "minimist": {
      "version": "https://registry.npmjs.org/minimist/-/minimist-0.0.8.tgz",
      "integrity": "sha1-hX/Kv8M5fSYluCKCYuhqp6ARsF0="
    },
    "mkdirp": {
      "version": "https://registry.npmjs.org/mkdirp/-/mkdirp-0.5.1.tgz",
      "integrity": "sha1-MAV0OOrGz3+MR2fzhkjWaX11yQM=",
      "requires": {
        "minimist": "https://registry.npmjs.org/minimist/-/minimist-0.0.8.tgz"
      }
    },
    "moment": {
      "version": "https://registry.npmjs.org/moment/-/moment-2.18.1.tgz",
      "integrity": "sha1-w2GT3Tzhwu7SrbfIAtu8d6gbHA8="
    },
    "ms": {
      "version": "https://registry.npmjs.org/ms/-/ms-2.0.0.tgz",
      "integrity": "sha1-VgiurfwAvmwpAd9fmGF4jeDVl8g="
    },
    "nan": {
      "version": "https://registry.npmjs.org/nan/-/nan-2.6.2.tgz",
      "integrity": "sha1-5P805slf37WuzAjeZZb0NgWn20U="
    },
    "node-pre-gyp": {
      "version": "https://registry.npmjs.org/node-pre-gyp/-/node-pre-gyp-0.6.36.tgz",
      "integrity": "sha1-22BBEst04NR3VU6bUFsXq936t4Y=",
      "requires": {
        "mkdirp": "https://registry.npmjs.org/mkdirp/-/mkdirp-0.5.1.tgz",
        "nopt": "https://registry.npmjs.org/nopt/-/nopt-4.0.1.tgz",
        "npmlog": "https://registry.npmjs.org/npmlog/-/npmlog-4.1.2.tgz",
        "rc": "https://registry.npmjs.org/rc/-/rc-1.2.1.tgz",
        "request": "https://registry.npmjs.org/request/-/request-2.81.0.tgz",
        "rimraf": "https://registry.npmjs.org/rimraf/-/rimraf-2.6.1.tgz",
        "semver": "https://registry.npmjs.org/semver/-/semver-5.4.1.tgz",
        "tar": "https://registry.npmjs.org/tar/-/tar-2.2.1.tgz",
        "tar-pack": "https://registry.npmjs.org/tar-pack/-/tar-pack-3.4.0.tgz"
      }
    },
    "nopt": {
      "version": "https://registry.npmjs.org/nopt/-/nopt-4.0.1.tgz",
      "integrity": "sha1-0NRoWv1UFRk8jHUFYC0NF81kR00=",
      "requires": {
        "abbrev": "https://registry.npmjs.org/abbrev/-/abbrev-1.1.0.tgz",
        "osenv": "https://registry.npmjs.org/osenv/-/osenv-0.1.4.tgz"
      }
    },
    "npmlog": {
      "version": "https://registry.npmjs.org/npmlog/-/npmlog-4.1.2.tgz",
      "integrity": "sha1-CKfyqL9zRgR3mp76StXMcXq7lUs=",
      "requires": {
        "are-we-there-yet": "https://registry.npmjs.org/are-we-there-yet/-/are-we-there-yet-1.1.4.tgz",
        "console-control-strings": "https://registry.npmjs.org/console-control-strings/-/console-control-strings-1.1.0.tgz",
        "gauge": "https://registry.npmjs.org/gauge/-/gauge-2.7.4.tgz",
        "set-blocking": "https://registry.npmjs.org/set-blocking/-/set-blocking-2.0.0.tgz"
      }
    },
    "number-is-nan": {
      "version": "https://registry.npmjs.org/number-is-nan/-/number-is-nan-1.0.1.tgz",
      "integrity": "sha1-CXtgK1NCKlIsGvuHkDGDNpQaAR0="
    },
    "oauth-sign": {
      "version": "https://registry.npmjs.org/oauth-sign/-/oauth-sign-0.8.2.tgz",
      "integrity": "sha1-Rqarfwrq2N6unsBWV4C31O/rnUM="
    },
    "object-assign": {
      "version": "https://registry.npmjs.org/object-assign/-/object-assign-4.1.1.tgz",
      "integrity": "sha1-IQmtx5ZYh8/AXLvUQsrIv7s2CGM="
    },
    "once": {
      "version": "https://registry.npmjs.org/once/-/once-1.4.0.tgz",
      "integrity": "sha1-WDsap3WWHUsROsF9nFC6753Xa9E=",
      "requires": {
        "wrappy": "https://registry.npmjs.org/wrappy/-/wrappy-1.0.2.tgz"
      }
    },
    "os-homedir": {
      "version": "https://registry.npmjs.org/os-homedir/-/os-homedir-1.0.2.tgz",
      "integrity": "sha1-/7xJiDNuDoM94MFox+8VISGqf7M="
    },
    "os-tmpdir": {
      "version": "https://registry.npmjs.org/os-tmpdir/-/os-tmpdir-1.0.2.tgz",
      "integrity": "sha1-u+Z0BseaqFxc/sdm/lc0VV36EnQ="
    },
    "osenv": {
      "version": "https://registry.npmjs.org/osenv/-/osenv-0.1.4.tgz",
      "integrity": "sha1-Qv5tWVPfBsgGS+bxdsPQWqqjRkQ=",
      "requires": {
        "os-homedir": "https://registry.npmjs.org/os-homedir/-/os-homedir-1.0.2.tgz",
        "os-tmpdir": "https://registry.npmjs.org/os-tmpdir/-/os-tmpdir-1.0.2.tgz"
      }
    },
    "path-is-absolute": {
      "version": "https://registry.npmjs.org/path-is-absolute/-/path-is-absolute-1.0.1.tgz",
      "integrity": "sha1-F0uSaHNVNP+8es5r9TpanhtcX18="
    },
    "performance-now": {
      "version": "https://registry.npmjs.org/performance-now/-/performance-now-0.2.0.tgz",
      "integrity": "sha1-M+8wxcd9TqIcWlOGnZG1bY8lVeU="
    },
    "process-nextick-args": {
      "version": "https://registry.npmjs.org/process-nextick-args/-/process-nextick-args-1.0.7.tgz",
      "integrity": "sha1-FQ4gt1ZZCtP5EJPyWk8q2L/zC6M="
    },
    "punycode": {
      "version": "https://registry.npmjs.org/punycode/-/punycode-1.4.1.tgz",
      "integrity": "sha1-wNWmOycYgArY4esPpSachN1BhF4="
    },
    "qs": {
      "version": "https://registry.npmjs.org/qs/-/qs-6.4.0.tgz",
      "integrity": "sha1-E+JtKK1rD/qpExLNO/cI7TUecjM="
    },
    "rc": {
      "version": "https://registry.npmjs.org/rc/-/rc-1.2.1.tgz",
      "integrity": "sha1-LgPo5C7kULjLPc5lvhv4l04d/ZU=",
      "requires": {
        "deep-extend": "https://registry.npmjs.org/deep-extend/-/deep-extend-0.4.2.tgz",
        "ini": "https://registry.npmjs.org/ini/-/ini-1.3.4.tgz",
        "minimist": "https://registry.npmjs.org/minimist/-/minimist-1.2.0.tgz",
        "strip-json-comments": "https://registry.npmjs.org/strip-json-comments/-/strip-json-comments-2.0.1.tgz"
      },
      "dependencies": {
        "minimist": {
          "version": "https://registry.npmjs.org/minimist/-/minimist-1.2.0.tgz",
          "integrity": "sha1-o1AIsg9BOD7sH7kU9M1d95omQoQ="
        }
      }
    },
    "readable-stream": {
      "version": "https://registry.npmjs.org/readable-stream/-/readable-stream-2.3.3.tgz",
      "integrity": "sha1-No8lEtefnUb9/HE0mueHi7weuVw=",
      "requires": {
        "core-util-is": "https://registry.npmjs.org/core-util-is/-/core-util-is-1.0.2.tgz",
        "inherits": "https://registry.npmjs.org/inherits/-/inherits-2.0.3.tgz",
        "isarray": "https://registry.npmjs.org/isarray/-/isarray-1.0.0.tgz",
        "process-nextick-args": "https://registry.npmjs.org/process-nextick-args/-/process-nextick-args-1.0.7.tgz",
        "safe-buffer": "https://registry.npmjs.org/safe-buffer/-/safe-buffer-5.1.1.tgz",
        "string_decoder": "https://registry.npmjs.org/string_decoder/-/string_decoder-1.0.3.tgz",
        "util-deprecate": "https://registry.npmjs.org/util-deprecate/-/util-deprecate-1.0.2.tgz"
      }
    },
    "regenerator-runtime": {
      "version": "https://registry.npmjs.org/regenerator-runtime/-/regenerator-runtime-0.11.0.tgz",
      "integrity": "sha1-flT+W1zNXWYk6mJVw0c74JC4AuE="
    },
    "request": {
      "version": "https://registry.npmjs.org/request/-/request-2.81.0.tgz",
      "integrity": "sha1-xpKJRqDgbF+Nb4qTM0af/aRimKA=",
      "requires": {
        "aws-sign2": "https://registry.npmjs.org/aws-sign2/-/aws-sign2-0.6.0.tgz",
        "aws4": "https://registry.npmjs.org/aws4/-/aws4-1.6.0.tgz",
        "caseless": "https://registry.npmjs.org/caseless/-/caseless-0.12.0.tgz",
        "combined-stream": "https://registry.npmjs.org/combined-stream/-/combined-stream-1.0.5.tgz",
        "extend": "https://registry.npmjs.org/extend/-/extend-3.0.1.tgz",
        "forever-agent": "https://registry.npmjs.org/forever-agent/-/forever-agent-0.6.1.tgz",
        "form-data": "https://registry.npmjs.org/form-data/-/form-data-2.1.4.tgz",
        "har-validator": "https://registry.npmjs.org/har-validator/-/har-validator-4.2.1.tgz",
        "hawk": "https://registry.npmjs.org/hawk/-/hawk-3.1.3.tgz",
        "http-signature": "https://registry.npmjs.org/http-signature/-/http-signature-1.1.1.tgz",
        "is-typedarray": "https://registry.npmjs.org/is-typedarray/-/is-typedarray-1.0.0.tgz",
        "isstream": "https://registry.npmjs.org/isstream/-/isstream-0.1.2.tgz",
        "json-stringify-safe": "https://registry.npmjs.org/json-stringify-safe/-/json-stringify-safe-5.0.1.tgz",
        "mime-types": "https://registry.npmjs.org/mime-types/-/mime-types-2.1.16.tgz",
        "oauth-sign": "https://registry.npmjs.org/oauth-sign/-/oauth-sign-0.8.2.tgz",
        "performance-now": "https://registry.npmjs.org/performance-now/-/performance-now-0.2.0.tgz",
        "qs": "https://registry.npmjs.org/qs/-/qs-6.4.0.tgz",
        "safe-buffer": "https://registry.npmjs.org/safe-buffer/-/safe-buffer-5.1.1.tgz",
        "stringstream": "https://registry.npmjs.org/stringstream/-/stringstream-0.0.5.tgz",
        "tough-cookie": "https://registry.npmjs.org/tough-cookie/-/tough-cookie-2.3.2.tgz",
        "tunnel-agent": "https://registry.npmjs.org/tunnel-agent/-/tunnel-agent-0.6.0.tgz",
        "uuid": "https://registry.npmjs.org/uuid/-/uuid-3.1.0.tgz"
      }
    },
    "rimraf": {
      "version": "https://registry.npmjs.org/rimraf/-/rimraf-2.6.1.tgz",
      "integrity": "sha1-wjOOxkPfeht/5cVPqG9XQopV8z0=",
      "requires": {
        "glob": "https://registry.npmjs.org/glob/-/glob-7.1.2.tgz"
      }
    },
    "safe-buffer": {
      "version": "https://registry.npmjs.org/safe-buffer/-/safe-buffer-5.1.1.tgz",
      "integrity": "sha1-iTMSr2myEj3vcfV4iQAWce6yyFM="
    },
    "semver": {
      "version": "https://registry.npmjs.org/semver/-/semver-5.4.1.tgz",
      "integrity": "sha1-4FnAnYVx8FQII3M0M1BdOi8AsY4="
    },
    "set-blocking": {
      "version": "https://registry.npmjs.org/set-blocking/-/set-blocking-2.0.0.tgz",
      "integrity": "sha1-BF+XgtARrppoA93TgrJDkrPYkPc="
    },
    "signal-exit": {
      "version": "https://registry.npmjs.org/signal-exit/-/signal-exit-3.0.2.tgz",
      "integrity": "sha1-tf3AjxKH6hF4Yo5BXiUTK3NkbG0="
    },
    "sntp": {
      "version": "https://registry.npmjs.org/sntp/-/sntp-1.0.9.tgz",
      "integrity": "sha1-ZUEYTMkK7qbG57NeJlkIJEPGYZg=",
      "requires": {
        "hoek": "https://registry.npmjs.org/hoek/-/hoek-2.16.3.tgz"
      }
    },
    "sshpk": {
      "version": "https://registry.npmjs.org/sshpk/-/sshpk-1.13.1.tgz",
      "integrity": "sha1-US322mKHFEMW3EwY/hzx2UBzm+M=",
      "requires": {
        "asn1": "https://registry.npmjs.org/asn1/-/asn1-0.2.3.tgz",
        "assert-plus": "https://registry.npmjs.org/assert-plus/-/assert-plus-1.0.0.tgz",
        "bcrypt-pbkdf": "https://registry.npmjs.org/bcrypt-pbkdf/-/bcrypt-pbkdf-1.0.1.tgz",
        "dashdash": "https://registry.npmjs.org/dashdash/-/dashdash-1.14.1.tgz",
        "ecc-jsbn": "https://registry.npmjs.org/ecc-jsbn/-/ecc-jsbn-0.1.1.tgz",
        "getpass": "https://registry.npmjs.org/getpass/-/getpass-0.1.7.tgz",
        "jsbn": "https://registry.npmjs.org/jsbn/-/jsbn-0.1.1.tgz",
        "tweetnacl": "https://registry.npmjs.org/tweetnacl/-/tweetnacl-0.14.5.tgz"
      },
      "dependencies": {
        "assert-plus": {
          "version": "https://registry.npmjs.org/assert-plus/-/assert-plus-1.0.0.tgz",
          "integrity": "sha1-8S4PPF13sLHN2RRpQuTpbB5N1SU="
        }
      }
    },
    "string_decoder": {
      "version": "https://registry.npmjs.org/string_decoder/-/string_decoder-1.0.3.tgz",
      "integrity": "sha1-D8Z9fBQYJd6UKC3VNr7GubzoYKs=",
      "requires": {
        "safe-buffer": "https://registry.npmjs.org/safe-buffer/-/safe-buffer-5.1.1.tgz"
      }
    },
    "string-width": {
      "version": "https://registry.npmjs.org/string-width/-/string-width-1.0.2.tgz",
      "integrity": "sha1-EYvfW4zcUaKn5w0hHgfisLmxB9M=",
      "requires": {
        "code-point-at": "https://registry.npmjs.org/code-point-at/-/code-point-at-1.1.0.tgz",
        "is-fullwidth-code-point": "https://registry.npmjs.org/is-fullwidth-code-point/-/is-fullwidth-code-point-1.0.0.tgz",
        "strip-ansi": "https://registry.npmjs.org/strip-ansi/-/strip-ansi-3.0.1.tgz"
      }
    },
    "string_decoder": {
      "version": "https://registry.npmjs.org/string_decoder/-/string_decoder-1.0.3.tgz",
      "integrity": "sha1-D8Z9fBQYJd6UKC3VNr7GubzoYKs=",
      "requires": {
        "safe-buffer": "https://registry.npmjs.org/safe-buffer/-/safe-buffer-5.1.1.tgz"
      }
    },
    "stringstream": {
      "version": "https://registry.npmjs.org/stringstream/-/stringstream-0.0.5.tgz",
      "integrity": "sha1-TkhM1N5aC7vuGORjB3EKioFiGHg="
    },
    "strip-ansi": {
      "version": "https://registry.npmjs.org/strip-ansi/-/strip-ansi-3.0.1.tgz",
      "integrity": "sha1-ajhfuIU9lS1f8F0Oiq+UJ43GPc8=",
      "requires": {
        "ansi-regex": "https://registry.npmjs.org/ansi-regex/-/ansi-regex-2.1.1.tgz"
      }
    },
    "strip-json-comments": {
      "version": "https://registry.npmjs.org/strip-json-comments/-/strip-json-comments-2.0.1.tgz",
      "integrity": "sha1-PFMZQukIwml8DsNEhYwobHygpgo="
    },
    "tar": {
      "version": "https://registry.npmjs.org/tar/-/tar-2.2.1.tgz",
      "integrity": "sha1-jk0qJWwOIYXGsYrWlK7JaLg8sdE=",
      "requires": {
        "block-stream": "https://registry.npmjs.org/block-stream/-/block-stream-0.0.9.tgz",
        "fstream": "https://registry.npmjs.org/fstream/-/fstream-1.0.11.tgz",
        "inherits": "https://registry.npmjs.org/inherits/-/inherits-2.0.3.tgz"
      }
    },
    "tar-pack": {
      "version": "https://registry.npmjs.org/tar-pack/-/tar-pack-3.4.0.tgz",
      "integrity": "sha1-I74tf2cagzk3bL2wuP4/3r8xeYQ=",
      "requires": {
        "debug": "https://registry.npmjs.org/debug/-/debug-2.6.8.tgz",
        "fstream": "https://registry.npmjs.org/fstream/-/fstream-1.0.11.tgz",
        "fstream-ignore": "https://registry.npmjs.org/fstream-ignore/-/fstream-ignore-1.0.5.tgz",
        "once": "https://registry.npmjs.org/once/-/once-1.4.0.tgz",
        "readable-stream": "https://registry.npmjs.org/readable-stream/-/readable-stream-2.3.3.tgz",
        "rimraf": "https://registry.npmjs.org/rimraf/-/rimraf-2.6.1.tgz",
        "tar": "https://registry.npmjs.org/tar/-/tar-2.2.1.tgz",
        "uid-number": "https://registry.npmjs.org/uid-number/-/uid-number-0.0.6.tgz"
      }
    },
    "toastr": {
      "version": "https://registry.npmjs.org/toastr/-/toastr-2.1.2.tgz",
      "integrity": "sha1-/WkGaudXilszV3JfycfDNem2gd8="
    },
    "tough-cookie": {
      "version": "https://registry.npmjs.org/tough-cookie/-/tough-cookie-2.3.2.tgz",
      "integrity": "sha1-8IH3bkyFcg5sN6X6ztc3FQ2EByo=",
      "requires": {
        "punycode": "https://registry.npmjs.org/punycode/-/punycode-1.4.1.tgz"
      }
    },
    "tunnel-agent": {
      "version": "https://registry.npmjs.org/tunnel-agent/-/tunnel-agent-0.6.0.tgz",
      "integrity": "sha1-J6XeoGs2sEoKmWZ3SykIaPD8QP0=",
      "requires": {
        "safe-buffer": "https://registry.npmjs.org/safe-buffer/-/safe-buffer-5.1.1.tgz"
      }
    },
    "tweetnacl": {
      "version": "https://registry.npmjs.org/tweetnacl/-/tweetnacl-0.14.5.tgz",
      "integrity": "sha1-WuaBd/GS1EViadEIr6k/+HQ/T2Q=",
      "optional": true
    },
    "uid-number": {
      "version": "https://registry.npmjs.org/uid-number/-/uid-number-0.0.6.tgz",
      "integrity": "sha1-DqEOgDXo61uOREnwbaHHMGY7qoE="
    },
    "util-deprecate": {
      "version": "https://registry.npmjs.org/util-deprecate/-/util-deprecate-1.0.2.tgz",
      "integrity": "sha1-RQ1Nyfpw3nMnYvvS1KKJgUGaDM8="
    },
    "uuid": {
      "version": "https://registry.npmjs.org/uuid/-/uuid-3.1.0.tgz",
      "integrity": "sha1-PdPT55Crwk17DToDT/q6vijrvAQ="
    },
    "verror": {
      "version": "https://registry.npmjs.org/verror/-/verror-1.10.0.tgz",
      "integrity": "sha1-OhBcoXBTr1XW4nDB+CiGguGNpAA=",
      "requires": {
        "assert-plus": "https://registry.npmjs.org/assert-plus/-/assert-plus-1.0.0.tgz",
        "core-util-is": "https://registry.npmjs.org/core-util-is/-/core-util-is-1.0.2.tgz",
        "extsprintf": "https://registry.npmjs.org/extsprintf/-/extsprintf-1.3.0.tgz"
      },
      "dependencies": {
        "assert-plus": {
          "version": "https://registry.npmjs.org/assert-plus/-/assert-plus-1.0.0.tgz",
          "integrity": "sha1-8S4PPF13sLHN2RRpQuTpbB5N1SU="
        }
      }
    },
    "wide-align": {
      "version": "https://registry.npmjs.org/wide-align/-/wide-align-1.1.2.tgz",
      "integrity": "sha1-Vx4PGwYEY268DfwhsDObvjE0FxA=",
      "requires": {
        "string-width": "https://registry.npmjs.org/string-width/-/string-width-1.0.2.tgz"
      }
    },
    "wrappy": {
      "version": "https://registry.npmjs.org/wrappy/-/wrappy-1.0.2.tgz",
      "integrity": "sha1-tSQ9jz7BqjXxNkYFvA0QNuMKtp8="
    }
  }
}
