{
  "dependencies": {
    "mime-types": {
      "version": "2.1.11",
      "resolved": "https://registry.npmjs.org/mime-types/-/mime-types-2.1.11.tgz",
      "from": "mime-types@2.1.11",
      "dependencies": {
        "mime-db": {
          "version": "1.23.0",
          "resolved": "https://registry.npmjs.org/mime-db/-/mime-db-1.23.0.tgz",
          "from": "mime-db@1.23.0"
        }
      }
    }
  }
}
